
Microsoft Visual Studio Solution File, Format Version 12.00
# Visual Studio Version 16
VisualStudioVersion = 16.0.31702.278
MinimumVisualStudioVersion = 10.0.40219.1
Project("{9A19103F-16F7-4668-BE54-9A1E7A4F7556}") = "Spellwright", "Spellwright.csproj", "{266BD3D1-703A-4461-ABE5-FBFD9154F5A7}"
EndProject
Global
	GlobalSection(SolutionConfigurationPlatforms) = preSolution
		Debug|Any CPU = Debug|Any CPU
		Release|Any CPU = Release|Any CPU
	EndGlobalSection
	GlobalSection(ProjectConfigurationPlatforms) = postSolution
		{266BD3D1-703A-4461-ABE5-FBFD9154F5A7}.Debug|Any CPU.ActiveCfg = Debug|Any CPU
		{266BD3D1-703A-4461-ABE5-FBFD9154F5A7}.Debug|Any CPU.Build.0 = Debug|Any CPU
		{266BD3D1-703A-4461-ABE5-FBFD9154F5A7}.Release|Any CPU.ActiveCfg = Release|Any CPU
		{266BD3D1-703A-4461-ABE5-FBFD9154F5A7}.Release|Any CPU.Build.0 = Release|Any CPU
	EndGlobalSection
	GlobalSection(SolutionProperties) = preSolution
		HideSolutionNode = FALSE
	EndGlobalSection
	GlobalSection(ExtensibilityGlobals) = postSolution
		SolutionGuid = {D03722B8-284A-48B4-918D-D4BC1C259782}
	EndGlobalSection
EndGlobal
